
Microsoft Visual Studio Solution File, Format Version 12.00
# Visual Studio Version 17
VisualStudioVersion = 17.0.31903.59
MinimumVisualStudioVersion = 10.0.40219.1
Project("{2150E333-8FDC-42A3-9474-1A3956D46DE8}") = "src", "src", "{E8FC9DB6-AC1A-429C-9A2C-51DB3E43273B}"
EndProject
Project("{FAE04EC0-301F-11D3-BF4B-00C04F79EFBC}") = "Template.Infrastructure", "src\Template.Infrastructure\Template.Infrastructure.csproj", "{C5ECDD32-09E3-4FCE-B638-FD20AA36E09C}"
EndProject
Project("{FAE04EC0-301F-11D3-BF4B-00C04F79EFBC}") = "Template.Application", "src\Template.Application\Template.Application.csproj", "{96586FAC-6BE2-4F1A-8831-0133C2C71BE5}"
EndProject
Project("{FAE04EC0-301F-11D3-BF4B-00C04F79EFBC}") = "Template.Web", "src\Template.Web\Template.Web.csproj", "{8CB2E655-2277-458F-9982-06C5C092972A}"
EndProject
Project("{FAE04EC0-301F-11D3-BF4B-00C04F79EFBC}") = "Template.Domain", "src\Template.Domain\Template.Domain.csproj", "{D9AB9D46-872F-4828-87DC-8BA3E79425FE}"
EndProject
Global
	GlobalSection(SolutionConfigurationPlatforms) = preSolution
		Debug|Any CPU = Debug|Any CPU
		Release|Any CPU = Release|Any CPU
	EndGlobalSection
	GlobalSection(ProjectConfigurationPlatforms) = postSolution
		{C5ECDD32-09E3-4FCE-B638-FD20AA36E09C}.Debug|Any CPU.ActiveCfg = Debug|Any CPU
		{C5ECDD32-09E3-4FCE-B638-FD20AA36E09C}.Debug|Any CPU.Build.0 = Debug|Any CPU
		{C5ECDD32-09E3-4FCE-B638-FD20AA36E09C}.Release|Any CPU.ActiveCfg = Release|Any CPU
		{C5ECDD32-09E3-4FCE-B638-FD20AA36E09C}.Release|Any CPU.Build.0 = Release|Any CPU
		{96586FAC-6BE2-4F1A-8831-0133C2C71BE5}.Debug|Any CPU.ActiveCfg = Debug|Any CPU
		{96586FAC-6BE2-4F1A-8831-0133C2C71BE5}.Debug|Any CPU.Build.0 = Debug|Any CPU
		{96586FAC-6BE2-4F1A-8831-0133C2C71BE5}.Release|Any CPU.ActiveCfg = Release|Any CPU
		{96586FAC-6BE2-4F1A-8831-0133C2C71BE5}.Release|Any CPU.Build.0 = Release|Any CPU
		{8CB2E655-2277-458F-9982-06C5C092972A}.Debug|Any CPU.ActiveCfg = Debug|Any CPU
		{8CB2E655-2277-458F-9982-06C5C092972A}.Debug|Any CPU.Build.0 = Debug|Any CPU
		{8CB2E655-2277-458F-9982-06C5C092972A}.Release|Any CPU.ActiveCfg = Release|Any CPU
		{8CB2E655-2277-458F-9982-06C5C092972A}.Release|Any CPU.Build.0 = Release|Any CPU
		{D9AB9D46-872F-4828-87DC-8BA3E79425FE}.Debug|Any CPU.ActiveCfg = Debug|Any CPU
		{D9AB9D46-872F-4828-87DC-8BA3E79425FE}.Debug|Any CPU.Build.0 = Debug|Any CPU
		{D9AB9D46-872F-4828-87DC-8BA3E79425FE}.Release|Any CPU.ActiveCfg = Release|Any CPU
		{D9AB9D46-872F-4828-87DC-8BA3E79425FE}.Release|Any CPU.Build.0 = Release|Any CPU
	EndGlobalSection
	GlobalSection(SolutionProperties) = preSolution
		HideSolutionNode = FALSE
	EndGlobalSection
	GlobalSection(NestedProjects) = preSolution
		{C5ECDD32-09E3-4FCE-B638-FD20AA36E09C} = {E8FC9DB6-AC1A-429C-9A2C-51DB3E43273B}
		{96586FAC-6BE2-4F1A-8831-0133C2C71BE5} = {E8FC9DB6-AC1A-429C-9A2C-51DB3E43273B}
		{8CB2E655-2277-458F-9982-06C5C092972A} = {E8FC9DB6-AC1A-429C-9A2C-51DB3E43273B}
		{D9AB9D46-872F-4828-87DC-8BA3E79425FE} = {E8FC9DB6-AC1A-429C-9A2C-51DB3E43273B}
	EndGlobalSection
EndGlobal
